
Microsoft Visual Studio Solution File, Format Version 12.00
# Visual Studio 15
VisualStudioVersion = 15.0.27004.2009
MinimumVisualStudioVersion = 10.0.40219.1
Project("{FAE04EC0-301F-11D3-BF4B-00C04F79EFBC}") = "WebMascotar", "WebMascotar\WebMascotar.csproj", "{A5C21D5E-4521-4831-8D6B-E9326551E233}"
EndProject
Global
	GlobalSection(SolutionConfigurationPlatforms) = preSolution
		Debug|Any CPU = Debug|Any CPU
		Release|Any CPU = Release|Any CPU
	EndGlobalSection
	GlobalSection(ProjectConfigurationPlatforms) = postSolution
		{A5C21D5E-4521-4831-8D6B-E9326551E233}.Debug|Any CPU.ActiveCfg = Debug|Any CPU
		{A5C21D5E-4521-4831-8D6B-E9326551E233}.Debug|Any CPU.Build.0 = Debug|Any CPU
		{A5C21D5E-4521-4831-8D6B-E9326551E233}.Release|Any CPU.ActiveCfg = Release|Any CPU
		{A5C21D5E-4521-4831-8D6B-E9326551E233}.Release|Any CPU.Build.0 = Release|Any CPU
	EndGlobalSection
	GlobalSection(SolutionProperties) = preSolution
		HideSolutionNode = FALSE
	EndGlobalSection
	GlobalSection(ExtensibilityGlobals) = postSolution
		SolutionGuid = {FDE843C9-D4BB-440D-BE7D-87705E17D2F0}
	EndGlobalSection
EndGlobal
